
Microsoft Visual Studio Solution File, Format Version 12.00
# Visual Studio Version 16
VisualStudioVersion = 16.0.30503.244
MinimumVisualStudioVersion = 10.0.40219.1
Project("{FAE04EC0-301F-11D3-BF4B-00C04F79EFBC}") = "XayDungMenu", "XayDungMenu.csproj", "{6ED66C51-261C-4D0C-8ABC-07DA30A151A7}"
EndProject
Global
	GlobalSection(SolutionConfigurationPlatforms) = preSolution
		Debug|Any CPU = Debug|Any CPU
		Release|Any CPU = Release|Any CPU
	EndGlobalSection
	GlobalSection(ProjectConfigurationPlatforms) = postSolution
		{6ED66C51-261C-4D0C-8ABC-07DA30A151A7}.Debug|Any CPU.ActiveCfg = Debug|Any CPU
		{6ED66C51-261C-4D0C-8ABC-07DA30A151A7}.Debug|Any CPU.Build.0 = Debug|Any CPU
		{6ED66C51-261C-4D0C-8ABC-07DA30A151A7}.Release|Any CPU.ActiveCfg = Release|Any CPU
		{6ED66C51-261C-4D0C-8ABC-07DA30A151A7}.Release|Any CPU.Build.0 = Release|Any CPU
	EndGlobalSection
	GlobalSection(SolutionProperties) = preSolution
		HideSolutionNode = FALSE
	EndGlobalSection
	GlobalSection(ExtensibilityGlobals) = postSolution
		SolutionGuid = {F10829D5-F75B-42FD-AE1C-A19D583D005C}
	EndGlobalSection
EndGlobal
